<?xml version="1.0" encoding="utf-8"?>
<Project ToolsVersion="Current" xmlns="http://schemas.microsoft.com/developer/msbuild/2003">
  <ItemGroup>
    <ClInclude Include="algorithms\lsb.h">
      <Filter>algorithms</Filter>
    </ClInclude>
    <ClInclude Include="payloads\cmd.h">
      <Filter>payloads</Filter>
    </ClInclude>
    <ClInclude Include="payloads\shellcode.h">
      <Filter>payloads</Filter>
    </ClInclude>
    <ClInclude Include="algorithms\colorcode.h">
      <Filter>algorithms</Filter>
    </ClInclude>
    <ClInclude Include="algorithms\algorithm.h">
      <Filter>algorithms</Filter>
    </ClInclude>
    <ClInclude Include="payloads\payload.h">
      <Filter>payloads</Filter>
    </ClInclude>
    <ClInclude Include="image_sources\image_source.h">
      <Filter>image_sources</Filter>
    </ClInclude>
    <ClInclude Include="algorithms\lsbm.h">
      <Filter>algorithms</Filter>
    </ClInclude>
    <ClInclude Include="algorithms\lsbx.h">
      <Filter>algorithms</Filter>
    </ClInclude>
    <ClInclude Include="image_sources\image_file.h">
      <Filter>image_sources</Filter>
    </ClInclude>
    <ClInclude Include="image_sources\httpx.h">
      <Filter>image_sources</Filter>
    </ClInclude>
    <ClInclude Include="runner.h" />
  </ItemGroup>
  <ItemGroup>
    <Filter Include="algorithms">
      <UniqueIdentifier>{5d59f2e6-28d6-46d3-a3d2-bfeae526c850}</UniqueIdentifier>
    </Filter>
    <Filter Include="payloads">
      <UniqueIdentifier>{ae402feb-cea9-47f9-bb3e-08ae5e81d734}</UniqueIdentifier>
    </Filter>
    <Filter Include="image_sources">
      <UniqueIdentifier>{6400a47b-ac3e-4880-b3e2-f278d0073522}</UniqueIdentifier>
    </Filter>
  </ItemGroup>
  <ItemGroup>
    <ClCompile Include="runner.cpp" />
  </ItemGroup>
</Project>